// !$*UTF8*$!
{
	archiveVersion = 1;
	classes = {
	};
	objectVersion = 56;
	objects = {

/* Begin PBXBuildFile section */
		F23DF0422A859E38000CC83B /* TLButton.swift in Sources */ = {isa = PBXBuildFile; fileRef = F23DF0412A859E38000CC83B /* TLButton.swift */; };
		F286084C2A84C61A0026EAA2 /* ToDoListApp.swift in Sources */ = {isa = PBXBuildFile; fileRef = F286084B2A84C61A0026EAA2 /* ToDoListApp.swift */; };
		F286084E2A84C61A0026EAA2 /* MainView.swift in Sources */ = {isa = PBXBuildFile; fileRef = F286084D2A84C61A0026EAA2 /* MainView.swift */; };
		F28608502A84C61B0026EAA2 /* Assets.xcassets in Resources */ = {isa = PBXBuildFile; fileRef = F286084F2A84C61B0026EAA2 /* Assets.xcassets */; };
		F28608532A84C61B0026EAA2 /* Preview Assets.xcassets in Resources */ = {isa = PBXBuildFile; fileRef = F28608522A84C61B0026EAA2 /* Preview Assets.xcassets */; };
		F286085D2A84C8A90026EAA2 /* FirebaseAuth in Frameworks */ = {isa = PBXBuildFile; productRef = F286085C2A84C8A90026EAA2 /* FirebaseAuth */; };
		F286085F2A84C8A90026EAA2 /* FirebaseFirestore in Frameworks */ = {isa = PBXBuildFile; productRef = F286085E2A84C8A90026EAA2 /* FirebaseFirestore */; };
		F28608612A84C8A90026EAA2 /* FirebaseFirestoreSwift in Frameworks */ = {isa = PBXBuildFile; productRef = F28608602A84C8A90026EAA2 /* FirebaseFirestoreSwift */; };
		F28608632A84C9980026EAA2 /* GoogleService-Info.plist in Resources */ = {isa = PBXBuildFile; fileRef = F28608622A84C9980026EAA2 /* GoogleService-Info.plist */; };
		F28608692A84E9D50026EAA2 /* ProfileView.swift in Sources */ = {isa = PBXBuildFile; fileRef = F28608682A84E9D50026EAA2 /* ProfileView.swift */; };
		F286086B2A84E9E50026EAA2 /* ItemsView.swift in Sources */ = {isa = PBXBuildFile; fileRef = F286086A2A84E9E50026EAA2 /* ItemsView.swift */; };
		F286086D2A84E9F60026EAA2 /* NewItemView.swift in Sources */ = {isa = PBXBuildFile; fileRef = F286086C2A84E9F60026EAA2 /* NewItemView.swift */; };
		F286086F2A84EA080026EAA2 /* LoginView.swift in Sources */ = {isa = PBXBuildFile; fileRef = F286086E2A84EA080026EAA2 /* LoginView.swift */; };
		F28608712A84EA140026EAA2 /* RegisterView.swift in Sources */ = {isa = PBXBuildFile; fileRef = F28608702A84EA140026EAA2 /* RegisterView.swift */; };
		F28608732A84EA460026EAA2 /* ItemView.swift in Sources */ = {isa = PBXBuildFile; fileRef = F28608722A84EA460026EAA2 /* ItemView.swift */; };
		F28608752A84EA6B0026EAA2 /* User.swift in Sources */ = {isa = PBXBuildFile; fileRef = F28608742A84EA6B0026EAA2 /* User.swift */; };
		F28608772A84EA720026EAA2 /* Item.swift in Sources */ = {isa = PBXBuildFile; fileRef = F28608762A84EA720026EAA2 /* Item.swift */; };
		F28608792A84EAB30026EAA2 /* MainViewViewModel.swift in Sources */ = {isa = PBXBuildFile; fileRef = F28608782A84EAB30026EAA2 /* MainViewViewModel.swift */; };
		F286087B2A84EACB0026EAA2 /* ProfileViewViewModel.swift in Sources */ = {isa = PBXBuildFile; fileRef = F286087A2A84EACB0026EAA2 /* ProfileViewViewModel.swift */; };
		F286087D2A84EAD60026EAA2 /* ItemsViewViewModel.swift in Sources */ = {isa = PBXBuildFile; fileRef = F286087C2A84EAD60026EAA2 /* ItemsViewViewModel.swift */; };
		F286087F2A84EAE30026EAA2 /* NewItemViewViewModel.swift in Sources */ = {isa = PBXBuildFile; fileRef = F286087E2A84EAE30026EAA2 /* NewItemViewViewModel.swift */; };
		F28608812A84EAE90026EAA2 /* LoginViewViewModel.swift in Sources */ = {isa = PBXBuildFile; fileRef = F28608802A84EAE90026EAA2 /* LoginViewViewModel.swift */; };
		F28608832A84EAEE0026EAA2 /* RegisterViewViewModel.swift in Sources */ = {isa = PBXBuildFile; fileRef = F28608822A84EAEE0026EAA2 /* RegisterViewViewModel.swift */; };
		F28608852A84EAF30026EAA2 /* ItemViewViewModel.swift in Sources */ = {isa = PBXBuildFile; fileRef = F28608842A84EAF30026EAA2 /* ItemViewViewModel.swift */; };
		F28608872A84F34A0026EAA2 /* HeaderView.swift in Sources */ = {isa = PBXBuildFile; fileRef = F28608862A84F34A0026EAA2 /* HeaderView.swift */; };
		F2F314A92AA7DDAE00D600C9 /* Launch Screen.storyboard in Resources */ = {isa = PBXBuildFile; fileRef = F2F314A82AA7DDAE00D600C9 /* Launch Screen.storyboard */; };
		F2FD9B642A86615700C4D611 /* Extensions.swift in Sources */ = {isa = PBXBuildFile; fileRef = F2FD9B632A86615700C4D611 /* Extensions.swift */; };
/* End PBXBuildFile section */

/* Begin PBXFileReference section */
		F23DF0412A859E38000CC83B /* TLButton.swift */ = {isa = PBXFileReference; lastKnownFileType = sourcecode.swift; path = TLButton.swift; sourceTree = "<group>"; };
		F28608482A84C61A0026EAA2 /* ToDoList.app */ = {isa = PBXFileReference; explicitFileType = wrapper.application; includeInIndex = 0; path = ToDoList.app; sourceTree = BUILT_PRODUCTS_DIR; };
		F286084B2A84C61A0026EAA2 /* ToDoListApp.swift */ = {isa = PBXFileReference; lastKnownFileType = sourcecode.swift; path = ToDoListApp.swift; sourceTree = "<group>"; };
		F286084D2A84C61A0026EAA2 /* MainView.swift */ = {isa = PBXFileReference; lastKnownFileType = sourcecode.swift; path = MainView.swift; sourceTree = "<group>"; };
		F286084F2A84C61B0026EAA2 /* Assets.xcassets */ = {isa = PBXFileReference; lastKnownFileType = folder.assetcatalog; path = Assets.xcassets; sourceTree = "<group>"; };
		F28608522A84C61B0026EAA2 /* Preview Assets.xcassets */ = {isa = PBXFileReference; lastKnownFileType = folder.assetcatalog; path = "Preview Assets.xcassets"; sourceTree = "<group>"; };
		F28608622A84C9980026EAA2 /* GoogleService-Info.plist */ = {isa = PBXFileReference; fileEncoding = 4; lastKnownFileType = text.plist.xml; path = "GoogleService-Info.plist"; sourceTree = "<group>"; };
		F28608682A84E9D50026EAA2 /* ProfileView.swift */ = {isa = PBXFileReference; lastKnownFileType = sourcecode.swift; path = ProfileView.swift; sourceTree = "<group>"; };
		F286086A2A84E9E50026EAA2 /* ItemsView.swift */ = {isa = PBXFileReference; lastKnownFileType = sourcecode.swift; path = ItemsView.swift; sourceTree = "<group>"; };
		F286086C2A84E9F60026EAA2 /* NewItemView.swift */ = {isa = PBXFileReference; lastKnownFileType = sourcecode.swift; path = NewItemView.swift; sourceTree = "<group>"; };
		F286086E2A84EA080026EAA2 /* LoginView.swift */ = {isa = PBXFileReference; lastKnownFileType = sourcecode.swift; path = LoginView.swift; sourceTree = "<group>"; };
		F28608702A84EA140026EAA2 /* RegisterView.swift */ = {isa = PBXFileReference; lastKnownFileType = sourcecode.swift; path = RegisterView.swift; sourceTree = "<group>"; };
		F28608722A84EA460026EAA2 /* ItemView.swift */ = {isa = PBXFileReference; lastKnownFileType = sourcecode.swift; path = ItemView.swift; sourceTree = "<group>"; };
		F28608742A84EA6B0026EAA2 /* User.swift */ = {isa = PBXFileReference; lastKnownFileType = sourcecode.swift; path = User.swift; sourceTree = "<group>"; };
		F28608762A84EA720026EAA2 /* Item.swift */ = {isa = PBXFileReference; lastKnownFileType = sourcecode.swift; path = Item.swift; sourceTree = "<group>"; };
		F28608782A84EAB30026EAA2 /* MainViewViewModel.swift */ = {isa = PBXFileReference; lastKnownFileType = sourcecode.swift; path = MainViewViewModel.swift; sourceTree = "<group>"; };
		F286087A2A84EACB0026EAA2 /* ProfileViewViewModel.swift */ = {isa = PBXFileReference; lastKnownFileType = sourcecode.swift; path = ProfileViewViewModel.swift; sourceTree = "<group>"; };
		F286087C2A84EAD60026EAA2 /* ItemsViewViewModel.swift */ = {isa = PBXFileReference; lastKnownFileType = sourcecode.swift; path = ItemsViewViewModel.swift; sourceTree = "<group>"; };
		F286087E2A84EAE30026EAA2 /* NewItemViewViewModel.swift */ = {isa = PBXFileReference; lastKnownFileType = sourcecode.swift; path = NewItemViewViewModel.swift; sourceTree = "<group>"; };
		F28608802A84EAE90026EAA2 /* LoginViewViewModel.swift */ = {isa = PBXFileReference; lastKnownFileType = sourcecode.swift; path = LoginViewViewModel.swift; sourceTree = "<group>"; };
		F28608822A84EAEE0026EAA2 /* RegisterViewViewModel.swift */ = {isa = PBXFileReference; lastKnownFileType = sourcecode.swift; path = RegisterViewViewModel.swift; sourceTree = "<group>"; };
		F28608842A84EAF30026EAA2 /* ItemViewViewModel.swift */ = {isa = PBXFileReference; lastKnownFileType = sourcecode.swift; path = ItemViewViewModel.swift; sourceTree = "<group>"; };
		F28608862A84F34A0026EAA2 /* HeaderView.swift */ = {isa = PBXFileReference; lastKnownFileType = sourcecode.swift; path = HeaderView.swift; sourceTree = "<group>"; };
		F2F314A82AA7DDAE00D600C9 /* Launch Screen.storyboard */ = {isa = PBXFileReference; lastKnownFileType = file.storyboard; path = "Launch Screen.storyboard"; sourceTree = "<group>"; };
		F2FD9B632A86615700C4D611 /* Extensions.swift */ = {isa = PBXFileReference; lastKnownFileType = sourcecode.swift; path = Extensions.swift; sourceTree = "<group>"; };
/* End PBXFileReference section */

/* Begin PBXFrameworksBuildPhase section */
		F28608452A84C61A0026EAA2 /* Frameworks */ = {
			isa = PBXFrameworksBuildPhase;
			buildActionMask = 2147483647;
			files = (
				F286085D2A84C8A90026EAA2 /* FirebaseAuth in Frameworks */,
				F286085F2A84C8A90026EAA2 /* FirebaseFirestore in Frameworks */,
				F28608612A84C8A90026EAA2 /* FirebaseFirestoreSwift in Frameworks */,
			);
			runOnlyForDeploymentPostprocessing = 0;
		};
/* End PBXFrameworksBuildPhase section */

/* Begin PBXGroup section */
		F286083F2A84C61A0026EAA2 = {
			isa = PBXGroup;
			children = (
				F286084A2A84C61A0026EAA2 /* ToDoList */,
				F28608492A84C61A0026EAA2 /* Products */,
			);
			sourceTree = "<group>";
		};
		F28608492A84C61A0026EAA2 /* Products */ = {
			isa = PBXGroup;
			children = (
				F28608482A84C61A0026EAA2 /* ToDoList.app */,
			);
			name = Products;
			sourceTree = "<group>";
		};
		F286084A2A84C61A0026EAA2 /* ToDoList */ = {
			isa = PBXGroup;
			children = (
				F28608672A84CEB10026EAA2 /* Other */,
				F28608662A84CE830026EAA2 /* Models */,
				F28608652A84CE720026EAA2 /* ViewModels */,
				F28608642A84CE660026EAA2 /* Views */,
				F28608512A84C61B0026EAA2 /* Preview Content */,
			);
			path = ToDoList;
			sourceTree = "<group>";
		};
		F28608512A84C61B0026EAA2 /* Preview Content */ = {
			isa = PBXGroup;
			children = (
				F28608522A84C61B0026EAA2 /* Preview Assets.xcassets */,
			);
			path = "Preview Content";
			sourceTree = "<group>";
		};
		F28608642A84CE660026EAA2 /* Views */ = {
			isa = PBXGroup;
			children = (
				F286084D2A84C61A0026EAA2 /* MainView.swift */,
				F28608682A84E9D50026EAA2 /* ProfileView.swift */,
				F286086A2A84E9E50026EAA2 /* ItemsView.swift */,
				F286086C2A84E9F60026EAA2 /* NewItemView.swift */,
				F286086E2A84EA080026EAA2 /* LoginView.swift */,
				F28608702A84EA140026EAA2 /* RegisterView.swift */,
				F28608722A84EA460026EAA2 /* ItemView.swift */,
				F28608862A84F34A0026EAA2 /* HeaderView.swift */,
				F23DF0412A859E38000CC83B /* TLButton.swift */,
			);
			path = Views;
			sourceTree = "<group>";
		};
		F28608652A84CE720026EAA2 /* ViewModels */ = {
			isa = PBXGroup;
			children = (
				F28608782A84EAB30026EAA2 /* MainViewViewModel.swift */,
				F286087A2A84EACB0026EAA2 /* ProfileViewViewModel.swift */,
				F286087C2A84EAD60026EAA2 /* ItemsViewViewModel.swift */,
				F286087E2A84EAE30026EAA2 /* NewItemViewViewModel.swift */,
				F28608802A84EAE90026EAA2 /* LoginViewViewModel.swift */,
				F28608822A84EAEE0026EAA2 /* RegisterViewViewModel.swift */,
				F28608842A84EAF30026EAA2 /* ItemViewViewModel.swift */,
			);
			path = ViewModels;
			sourceTree = "<group>";
		};
		F28608662A84CE830026EAA2 /* Models */ = {
			isa = PBXGroup;
			children = (
				F28608742A84EA6B0026EAA2 /* User.swift */,
				F28608762A84EA720026EAA2 /* Item.swift */,
			);
			path = Models;
			sourceTree = "<group>";
		};
		F28608672A84CEB10026EAA2 /* Other */ = {
			isa = PBXGroup;
			children = (
				F286084B2A84C61A0026EAA2 /* ToDoListApp.swift */,
				F286084F2A84C61B0026EAA2 /* Assets.xcassets */,
				F28608622A84C9980026EAA2 /* GoogleService-Info.plist */,
				F2FD9B632A86615700C4D611 /* Extensions.swift */,
				F2F314A82AA7DDAE00D600C9 /* Launch Screen.storyboard */,
			);
			path = Other;
			sourceTree = "<group>";
		};
/* End PBXGroup section */

/* Begin PBXNativeTarget section */
		F28608472A84C61A0026EAA2 /* ToDoList */ = {
			isa = PBXNativeTarget;
			buildConfigurationList = F28608562A84C61B0026EAA2 /* Build configuration list for PBXNativeTarget "ToDoList" */;
			buildPhases = (
				F28608442A84C61A0026EAA2 /* Sources */,
				F28608452A84C61A0026EAA2 /* Frameworks */,
				F28608462A84C61A0026EAA2 /* Resources */,
			);
			buildRules = (
			);
			dependencies = (
			);
			name = ToDoList;
			packageProductDependencies = (
				F286085C2A84C8A90026EAA2 /* FirebaseAuth */,
				F286085E2A84C8A90026EAA2 /* FirebaseFirestore */,
				F28608602A84C8A90026EAA2 /* FirebaseFirestoreSwift */,
			);
			productName = ToDoList;
			productReference = F28608482A84C61A0026EAA2 /* ToDoList.app */;
			productType = "com.apple.product-type.application";
		};
/* End PBXNativeTarget section */

/* Begin PBXProject section */
		F28608402A84C61A0026EAA2 /* Project object */ = {
			isa = PBXProject;
			attributes = {
				BuildIndependentTargetsInParallel = 1;
				LastSwiftUpdateCheck = 1430;
				LastUpgradeCheck = 1430;
				TargetAttributes = {
					F28608472A84C61A0026EAA2 = {
						CreatedOnToolsVersion = 14.3.1;
					};
				};
			};
			buildConfigurationList = F28608432A84C61A0026EAA2 /* Build configuration list for PBXProject "ToDoList" */;
			compatibilityVersion = "Xcode 14.0";
			developmentRegion = en;
			hasScannedForEncodings = 0;
			knownRegions = (
				en,
				Base,
			);
			mainGroup = F286083F2A84C61A0026EAA2;
			packageReferences = (
				F286085B2A84C8A90026EAA2 /* XCRemoteSwiftPackageReference "firebase-ios-sdk" */,
			);
			productRefGroup = F28608492A84C61A0026EAA2 /* Products */;
			projectDirPath = "";
			projectRoot = "";
			targets = (
				F28608472A84C61A0026EAA2 /* ToDoList */,
			);
		};
/* End PBXProject section */

/* Begin PBXResourcesBuildPhase section */
		F28608462A84C61A0026EAA2 /* Resources */ = {
			isa = PBXResourcesBuildPhase;
			buildActionMask = 2147483647;
			files = (
				F28608532A84C61B0026EAA2 /* Preview Assets.xcassets in Resources */,
				F28608502A84C61B0026EAA2 /* Assets.xcassets in Resources */,
				F2F314A92AA7DDAE00D600C9 /* Launch Screen.storyboard in Resources */,
				F28608632A84C9980026EAA2 /* GoogleService-Info.plist in Resources */,
			);
			runOnlyForDeploymentPostprocessing = 0;
		};
/* End PBXResourcesBuildPhase section */

/* Begin PBXSourcesBuildPhase section */
		F28608442A84C61A0026EAA2 /* Sources */ = {
			isa = PBXSourcesBuildPhase;
			buildActionMask = 2147483647;
			files = (
				F28608772A84EA720026EAA2 /* Item.swift in Sources */,
				F28608872A84F34A0026EAA2 /* HeaderView.swift in Sources */,
				F286086F2A84EA080026EAA2 /* LoginView.swift in Sources */,
				F28608832A84EAEE0026EAA2 /* RegisterViewViewModel.swift in Sources */,
				F28608792A84EAB30026EAA2 /* MainViewViewModel.swift in Sources */,
				F286084E2A84C61A0026EAA2 /* MainView.swift in Sources */,
				F28608692A84E9D50026EAA2 /* ProfileView.swift in Sources */,
				F23DF0422A859E38000CC83B /* TLButton.swift in Sources */,
				F286087B2A84EACB0026EAA2 /* ProfileViewViewModel.swift in Sources */,
				F28608732A84EA460026EAA2 /* ItemView.swift in Sources */,
				F28608712A84EA140026EAA2 /* RegisterView.swift in Sources */,
				F28608752A84EA6B0026EAA2 /* User.swift in Sources */,
				F286084C2A84C61A0026EAA2 /* ToDoListApp.swift in Sources */,
				F28608852A84EAF30026EAA2 /* ItemViewViewModel.swift in Sources */,
				F28608812A84EAE90026EAA2 /* LoginViewViewModel.swift in Sources */,
				F2FD9B642A86615700C4D611 /* Extensions.swift in Sources */,
				F286087D2A84EAD60026EAA2 /* ItemsViewViewModel.swift in Sources */,
				F286086B2A84E9E50026EAA2 /* ItemsView.swift in Sources */,
				F286086D2A84E9F60026EAA2 /* NewItemView.swift in Sources */,
				F286087F2A84EAE30026EAA2 /* NewItemViewViewModel.swift in Sources */,
			);
			runOnlyForDeploymentPostprocessing = 0;
		};
/* End PBXSourcesBuildPhase section */

/* Begin XCBuildConfiguration section */
		F28608542A84C61B0026EAA2 /* Debug */ = {
			isa = XCBuildConfiguration;
			buildSettings = {
				ALWAYS_SEARCH_USER_PATHS = NO;
				CLANG_ANALYZER_NONNULL = YES;
				CLANG_ANALYZER_NUMBER_OBJECT_CONVERSION = YES_AGGRESSIVE;
				CLANG_CXX_LANGUAGE_STANDARD = "gnu++20";
				CLANG_ENABLE_MODULES = YES;
				CLANG_ENABLE_OBJC_ARC = YES;
				CLANG_ENABLE_OBJC_WEAK = YES;
				CLANG_WARN_BLOCK_CAPTURE_AUTORELEASING = YES;
				CLANG_WARN_BOOL_CONVERSION = YES;
				CLANG_WARN_COMMA = YES;
				CLANG_WARN_CONSTANT_CONVERSION = YES;
				CLANG_WARN_DEPRECATED_OBJC_IMPLEMENTATIONS = YES;
				CLANG_WARN_DIRECT_OBJC_ISA_USAGE = YES_ERROR;
				CLANG_WARN_DOCUMENTATION_COMMENTS = YES;
				CLANG_WARN_EMPTY_BODY = YES;
				CLANG_WARN_ENUM_CONVERSION = YES;
				CLANG_WARN_INFINITE_RECURSION = YES;
				CLANG_WARN_INT_CONVERSION = YES;
				CLANG_WARN_NON_LITERAL_NULL_CONVERSION = YES;
				CLANG_WARN_OBJC_IMPLICIT_RETAIN_SELF = YES;
				CLANG_WARN_OBJC_LITERAL_CONVERSION = YES;
				CLANG_WARN_OBJC_ROOT_CLASS = YES_ERROR;
				CLANG_WARN_QUOTED_INCLUDE_IN_FRAMEWORK_HEADER = YES;
				CLANG_WARN_RANGE_LOOP_ANALYSIS = YES;
				CLANG_WARN_STRICT_PROTOTYPES = YES;
				CLANG_WARN_SUSPICIOUS_MOVE = YES;
				CLANG_WARN_UNGUARDED_AVAILABILITY = YES_AGGRESSIVE;
				CLANG_WARN_UNREACHABLE_CODE = YES;
				CLANG_WARN__DUPLICATE_METHOD_MATCH = YES;
				COPY_PHASE_STRIP = NO;
				DEBUG_INFORMATION_FORMAT = dwarf;
				ENABLE_STRICT_OBJC_MSGSEND = YES;
				ENABLE_TESTABILITY = YES;
				GCC_C_LANGUAGE_STANDARD = gnu11;
				GCC_DYNAMIC_NO_PIC = NO;
				GCC_NO_COMMON_BLOCKS = YES;
				GCC_OPTIMIZATION_LEVEL = 0;
				GCC_PREPROCESSOR_DEFINITIONS = (
					"DEBUG=1",
					"$(inherited)",
				);
				GCC_WARN_64_TO_32_BIT_CONVERSION = YES;
				GCC_WARN_ABOUT_RETURN_TYPE = YES_ERROR;
				GCC_WARN_UNDECLARED_SELECTOR = YES;
				GCC_WARN_UNINITIALIZED_AUTOS = YES_AGGRESSIVE;
				GCC_WARN_UNUSED_FUNCTION = YES;
				GCC_WARN_UNUSED_VARIABLE = YES;
				IPHONEOS_DEPLOYMENT_TARGET = 16.4;
				MTL_ENABLE_DEBUG_INFO = INCLUDE_SOURCE;
				MTL_FAST_MATH = YES;
				ONLY_ACTIVE_ARCH = YES;
				SDKROOT = iphoneos;
				SWIFT_ACTIVE_COMPILATION_CONDITIONS = DEBUG;
				SWIFT_OPTIMIZATION_LEVEL = "-Onone";
			};
			name = Debug;
		};
		F28608552A84C61B0026EAA2 /* Release */ = {
			isa = XCBuildConfiguration;
			buildSettings = {
				ALWAYS_SEARCH_USER_PATHS = NO;
				CLANG_ANALYZER_NONNULL = YES;
				CLANG_ANALYZER_NUMBER_OBJECT_CONVERSION = YES_AGGRESSIVE;
				CLANG_CXX_LANGUAGE_STANDARD = "gnu++20";
				CLANG_ENABLE_MODULES = YES;
				CLANG_ENABLE_OBJC_ARC = YES;
				CLANG_ENABLE_OBJC_WEAK = YES;
				CLANG_WARN_BLOCK_CAPTURE_AUTORELEASING = YES;
				CLANG_WARN_BOOL_CONVERSION = YES;
				CLANG_WARN_COMMA = YES;
				CLANG_WARN_CONSTANT_CONVERSION = YES;
				CLANG_WARN_DEPRECATED_OBJC_IMPLEMENTATIONS = YES;
				CLANG_WARN_DIRECT_OBJC_ISA_USAGE = YES_ERROR;
				CLANG_WARN_DOCUMENTATION_COMMENTS = YES;
				CLANG_WARN_EMPTY_BODY = YES;
				CLANG_WARN_ENUM_CONVERSION = YES;
				CLANG_WARN_INFINITE_RECURSION = YES;
				CLANG_WARN_INT_CONVERSION = YES;
				CLANG_WARN_NON_LITERAL_NULL_CONVERSION = YES;
				CLANG_WARN_OBJC_IMPLICIT_RETAIN_SELF = YES;
				CLANG_WARN_OBJC_LITERAL_CONVERSION = YES;
				CLANG_WARN_OBJC_ROOT_CLASS = YES_ERROR;
				CLANG_WARN_QUOTED_INCLUDE_IN_FRAMEWORK_HEADER = YES;
				CLANG_WARN_RANGE_LOOP_ANALYSIS = YES;
				CLANG_WARN_STRICT_PROTOTYPES = YES;
				CLANG_WARN_SUSPICIOUS_MOVE = YES;
				CLANG_WARN_UNGUARDED_AVAILABILITY = YES_AGGRESSIVE;
				CLANG_WARN_UNREACHABLE_CODE = YES;
				CLANG_WARN__DUPLICATE_METHOD_MATCH = YES;
				COPY_PHASE_STRIP = NO;
				DEBUG_INFORMATION_FORMAT = "dwarf-with-dsym";
				ENABLE_NS_ASSERTIONS = NO;
				ENABLE_STRICT_OBJC_MSGSEND = YES;
				GCC_C_LANGUAGE_STANDARD = gnu11;
				GCC_NO_COMMON_BLOCKS = YES;
				GCC_WARN_64_TO_32_BIT_CONVERSION = YES;
				GCC_WARN_ABOUT_RETURN_TYPE = YES_ERROR;
				GCC_WARN_UNDECLARED_SELECTOR = YES;
				GCC_WARN_UNINITIALIZED_AUTOS = YES_AGGRESSIVE;
				GCC_WARN_UNUSED_FUNCTION = YES;
				GCC_WARN_UNUSED_VARIABLE = YES;
				IPHONEOS_DEPLOYMENT_TARGET = 16.4;
				MTL_ENABLE_DEBUG_INFO = NO;
				MTL_FAST_MATH = YES;
				SDKROOT = iphoneos;
				SWIFT_COMPILATION_MODE = wholemodule;
				SWIFT_OPTIMIZATION_LEVEL = "-O";
				VALIDATE_PRODUCT = YES;
			};
			name = Release;
		};
		F28608572A84C61B0026EAA2 /* Debug */ = {
			isa = XCBuildConfiguration;
			buildSettings = {
				ASSETCATALOG_COMPILER_APPICON_NAME = AppIcon;
				ASSETCATALOG_COMPILER_GLOBAL_ACCENT_COLOR_NAME = AccentColor;
				ASSETCATALOG_COMPILER_INCLUDE_ALL_APPICON_ASSETS = NO;
				CODE_SIGN_STYLE = Automatic;
				CURRENT_PROJECT_VERSION = 1;
				DEVELOPMENT_ASSET_PATHS = "\"ToDoList/Preview Content\"";
				DEVELOPMENT_TEAM = 57885929JL;
				ENABLE_PREVIEWS = YES;
				GENERATE_INFOPLIST_FILE = YES;
				INFOPLIST_KEY_CFBundleDisplayName = "To Do List";
				INFOPLIST_KEY_UIApplicationSceneManifest_Generation = YES;
				INFOPLIST_KEY_UIApplicationSupportsIndirectInputEvents = YES;
				INFOPLIST_KEY_UILaunchScreen_Generation = YES;
				INFOPLIST_KEY_UILaunchStoryboardName = "Launch Screen.storyboard";
				INFOPLIST_KEY_UISupportedInterfaceOrientations = UIInterfaceOrientationPortrait;
				LD_RUNPATH_SEARCH_PATHS = (
					"$(inherited)",
					"@executable_path/Frameworks",
				);
				MARKETING_VERSION = 1.0;
				PRODUCT_BUNDLE_IDENTIFIER = Levi.ToDoList;
				PRODUCT_NAME = "$(TARGET_NAME)";
				SWIFT_EMIT_LOC_STRINGS = YES;
				SWIFT_VERSION = 5.0;
				TARGETED_DEVICE_FAMILY = "1,2";
			};
			name = Debug;
		};
		F28608582A84C61B0026EAA2 /* Release */ = {
			isa = XCBuildConfiguration;
			buildSettings = {
				ASSETCATALOG_COMPILER_APPICON_NAME = AppIcon;
				ASSETCATALOG_COMPILER_GLOBAL_ACCENT_COLOR_NAME = AccentColor;
				ASSETCATALOG_COMPILER_INCLUDE_ALL_APPICON_ASSETS = NO;
				CODE_SIGN_STYLE = Automatic;
				CURRENT_PROJECT_VERSION = 1;
				DEVELOPMENT_ASSET_PATHS = "\"ToDoList/Preview Content\"";
				DEVELOPMENT_TEAM = 57885929JL;
				ENABLE_PREVIEWS = YES;
				GENERATE_INFOPLIST_FILE = YES;
				INFOPLIST_KEY_CFBundleDisplayName = "To Do List";
				INFOPLIST_KEY_UIApplicationSceneManifest_Generation = YES;
				INFOPLIST_KEY_UIApplicationSupportsIndirectInputEvents = YES;
				INFOPLIST_KEY_UILaunchScreen_Generation = YES;
				INFOPLIST_KEY_UILaunchStoryboardName = "Launch Screen.storyboard";
				INFOPLIST_KEY_UISupportedInterfaceOrientations = UIInterfaceOrientationPortrait;
				LD_RUNPATH_SEARCH_PATHS = (
					"$(inherited)",
					"@executable_path/Frameworks",
				);
				MARKETING_VERSION = 1.0;
				PRODUCT_BUNDLE_IDENTIFIER = Levi.ToDoList;
				PRODUCT_NAME = "$(TARGET_NAME)";
				SWIFT_EMIT_LOC_STRINGS = YES;
				SWIFT_VERSION = 5.0;
				TARGETED_DEVICE_FAMILY = "1,2";
			};
			name = Release;
		};
/* End XCBuildConfiguration section */

/* Begin XCConfigurationList section */
		F28608432A84C61A0026EAA2 /* Build configuration list for PBXProject "ToDoList" */ = {
			isa = XCConfigurationList;
			buildConfigurations = (
				F28608542A84C61B0026EAA2 /* Debug */,
				F28608552A84C61B0026EAA2 /* Release */,
			);
			defaultConfigurationIsVisible = 0;
			defaultConfigurationName = Release;
		};
		F28608562A84C61B0026EAA2 /* Build configuration list for PBXNativeTarget "ToDoList" */ = {
			isa = XCConfigurationList;
			buildConfigurations = (
				F28608572A84C61B0026EAA2 /* Debug */,
				F28608582A84C61B0026EAA2 /* Release */,
			);
			defaultConfigurationIsVisible = 0;
			defaultConfigurationName = Release;
		};
/* End XCConfigurationList section */

/* Begin XCRemoteSwiftPackageReference section */
		F286085B2A84C8A90026EAA2 /* XCRemoteSwiftPackageReference "firebase-ios-sdk" */ = {
			isa = XCRemoteSwiftPackageReference;
			repositoryURL = "https://github.com/firebase/firebase-ios-sdk";
			requirement = {
				kind = upToNextMajorVersion;
				minimumVersion = 10.0.0;
			};
		};
/* End XCRemoteSwiftPackageReference section */

/* Begin XCSwiftPackageProductDependency section */
		F286085C2A84C8A90026EAA2 /* FirebaseAuth */ = {
			isa = XCSwiftPackageProductDependency;
			package = F286085B2A84C8A90026EAA2 /* XCRemoteSwiftPackageReference "firebase-ios-sdk" */;
			productName = FirebaseAuth;
		};
		F286085E2A84C8A90026EAA2 /* FirebaseFirestore */ = {
			isa = XCSwiftPackageProductDependency;
			package = F286085B2A84C8A90026EAA2 /* XCRemoteSwiftPackageReference "firebase-ios-sdk" */;
			productName = FirebaseFirestore;
		};
		F28608602A84C8A90026EAA2 /* FirebaseFirestoreSwift */ = {
			isa = XCSwiftPackageProductDependency;
			package = F286085B2A84C8A90026EAA2 /* XCRemoteSwiftPackageReference "firebase-ios-sdk" */;
			productName = FirebaseFirestoreSwift;
		};
/* End XCSwiftPackageProductDependency section */
	};
	rootObject = F28608402A84C61A0026EAA2 /* Project object */;
}
